
Microsoft Visual Studio Solution File, Format Version 11.00
# Visual Studio 2010
Project("{FAE04EC0-301F-11D3-BF4B-00C04F79EFBC}") = "S2", "S2\S2.csproj", "{1ABB4409-EE90-4513-A123-F7A737EC1AFE}"
EndProject
Global
	GlobalSection(SolutionConfigurationPlatforms) = preSolution
		Debug|x86 = Debug|x86
		Release|x86 = Release|x86
	EndGlobalSection
	GlobalSection(ProjectConfigurationPlatforms) = postSolution
		{1ABB4409-EE90-4513-A123-F7A737EC1AFE}.Debug|x86.ActiveCfg = Debug|x86
		{1ABB4409-EE90-4513-A123-F7A737EC1AFE}.Debug|x86.Build.0 = Debug|x86
		{1ABB4409-EE90-4513-A123-F7A737EC1AFE}.Release|x86.ActiveCfg = Release|x86
		{1ABB4409-EE90-4513-A123-F7A737EC1AFE}.Release|x86.Build.0 = Release|x86
	EndGlobalSection
	GlobalSection(SolutionProperties) = preSolution
		HideSolutionNode = FALSE
	EndGlobalSection
EndGlobal
