
Microsoft Visual Studio Solution File, Format Version 12.00
# Visual Studio 15
VisualStudioVersion = 15.0.28307.645
MinimumVisualStudioVersion = 10.0.40219.1
Project("{FAE04EC0-301F-11D3-BF4B-00C04F79EFBC}") = "ConsoleApp1", "ConsoleApp1\ConsoleApp1.csproj", "{62B54AAA-199A-47D5-9FC6-C35BDC36AAA0}"
EndProject
Global
	GlobalSection(SolutionConfigurationPlatforms) = preSolution
		Debug|Any CPU = Debug|Any CPU
		Release|Any CPU = Release|Any CPU
	EndGlobalSection
	GlobalSection(ProjectConfigurationPlatforms) = postSolution
		{62B54AAA-199A-47D5-9FC6-C35BDC36AAA0}.Debug|Any CPU.ActiveCfg = Debug|Any CPU
		{62B54AAA-199A-47D5-9FC6-C35BDC36AAA0}.Debug|Any CPU.Build.0 = Debug|Any CPU
		{62B54AAA-199A-47D5-9FC6-C35BDC36AAA0}.Release|Any CPU.ActiveCfg = Release|Any CPU
		{62B54AAA-199A-47D5-9FC6-C35BDC36AAA0}.Release|Any CPU.Build.0 = Release|Any CPU
	EndGlobalSection
	GlobalSection(SolutionProperties) = preSolution
		HideSolutionNode = FALSE
	EndGlobalSection
	GlobalSection(ExtensibilityGlobals) = postSolution
		SolutionGuid = {5A645426-FEA2-4E82-AE5D-FD4C46319075}
	EndGlobalSection
EndGlobal
