
Microsoft Visual Studio Solution File, Format Version 12.00
# Visual Studio Version 17
VisualStudioVersion = 17.5.33627.172
MinimumVisualStudioVersion = 10.0.40219.1
Project("{FAE04EC0-301F-11D3-BF4B-00C04F79EFBC}") = "SubiectJudete", "SubiectJudete\SubiectJudete.csproj", "{43DE543F-2AF4-42C0-8CCB-0AFD230834C5}"
EndProject
Global
	GlobalSection(SolutionConfigurationPlatforms) = preSolution
		Debug|Any CPU = Debug|Any CPU
		Release|Any CPU = Release|Any CPU
	EndGlobalSection
	GlobalSection(ProjectConfigurationPlatforms) = postSolution
		{43DE543F-2AF4-42C0-8CCB-0AFD230834C5}.Debug|Any CPU.ActiveCfg = Debug|Any CPU
		{43DE543F-2AF4-42C0-8CCB-0AFD230834C5}.Debug|Any CPU.Build.0 = Debug|Any CPU
		{43DE543F-2AF4-42C0-8CCB-0AFD230834C5}.Release|Any CPU.ActiveCfg = Release|Any CPU
		{43DE543F-2AF4-42C0-8CCB-0AFD230834C5}.Release|Any CPU.Build.0 = Release|Any CPU
	EndGlobalSection
	GlobalSection(SolutionProperties) = preSolution
		HideSolutionNode = FALSE
	EndGlobalSection
	GlobalSection(ExtensibilityGlobals) = postSolution
		SolutionGuid = {0483A5A7-1074-4805-ADF4-C3F9C953DA4B}
	EndGlobalSection
EndGlobal
