
Microsoft Visual Studio Solution File, Format Version 12.00
# Visual Studio Version 17
VisualStudioVersion = 17.5.33502.453
MinimumVisualStudioVersion = 10.0.40219.1
Project("{FAE04EC0-301F-11D3-BF4B-00C04F79EFBC}") = "Exercise2", "Exercise2\Exercise2.csproj", "{ED8CB812-BBF2-4A1D-B2AF-499C00255431}"
EndProject
Global
	GlobalSection(SolutionConfigurationPlatforms) = preSolution
		Debug|Any CPU = Debug|Any CPU
		Release|Any CPU = Release|Any CPU
	EndGlobalSection
	GlobalSection(ProjectConfigurationPlatforms) = postSolution
		{ED8CB812-BBF2-4A1D-B2AF-499C00255431}.Debug|Any CPU.ActiveCfg = Debug|Any CPU
		{ED8CB812-BBF2-4A1D-B2AF-499C00255431}.Debug|Any CPU.Build.0 = Debug|Any CPU
		{ED8CB812-BBF2-4A1D-B2AF-499C00255431}.Release|Any CPU.ActiveCfg = Release|Any CPU
		{ED8CB812-BBF2-4A1D-B2AF-499C00255431}.Release|Any CPU.Build.0 = Release|Any CPU
	EndGlobalSection
	GlobalSection(SolutionProperties) = preSolution
		HideSolutionNode = FALSE
	EndGlobalSection
	GlobalSection(ExtensibilityGlobals) = postSolution
		SolutionGuid = {A0A890F3-0123-4BD6-8BB8-D863892456B6}
	EndGlobalSection
EndGlobal
