
Microsoft Visual Studio Solution File, Format Version 11.00
# Visual Studio 2010
Project("{FAE04EC0-301F-11D3-BF4B-00C04F79EFBC}") = "Subiect2bun", "Subiect2bun\Subiect2bun.csproj", "{B3F9FE9A-0DE8-4DDF-8E2F-0DADEA6E5548}"
EndProject
Global
	GlobalSection(SolutionConfigurationPlatforms) = preSolution
		Debug|x86 = Debug|x86
		Release|x86 = Release|x86
	EndGlobalSection
	GlobalSection(ProjectConfigurationPlatforms) = postSolution
		{B3F9FE9A-0DE8-4DDF-8E2F-0DADEA6E5548}.Debug|x86.ActiveCfg = Debug|x86
		{B3F9FE9A-0DE8-4DDF-8E2F-0DADEA6E5548}.Debug|x86.Build.0 = Debug|x86
		{B3F9FE9A-0DE8-4DDF-8E2F-0DADEA6E5548}.Release|x86.ActiveCfg = Release|x86
		{B3F9FE9A-0DE8-4DDF-8E2F-0DADEA6E5548}.Release|x86.Build.0 = Release|x86
	EndGlobalSection
	GlobalSection(SolutionProperties) = preSolution
		HideSolutionNode = FALSE
	EndGlobalSection
EndGlobal
