
Microsoft Visual Studio Solution File, Format Version 12.00
# Visual Studio Version 17
VisualStudioVersion = 17.5.33502.453
MinimumVisualStudioVersion = 10.0.40219.1
Project("{FAE04EC0-301F-11D3-BF4B-00C04F79EFBC}") = "Exercise1", "Exercise1\Exercise1.csproj", "{644D12CB-7FF1-4AC0-821A-50977D293DA7}"
EndProject
Global
	GlobalSection(SolutionConfigurationPlatforms) = preSolution
		Debug|Any CPU = Debug|Any CPU
		Release|Any CPU = Release|Any CPU
	EndGlobalSection
	GlobalSection(ProjectConfigurationPlatforms) = postSolution
		{644D12CB-7FF1-4AC0-821A-50977D293DA7}.Debug|Any CPU.ActiveCfg = Debug|Any CPU
		{644D12CB-7FF1-4AC0-821A-50977D293DA7}.Debug|Any CPU.Build.0 = Debug|Any CPU
		{644D12CB-7FF1-4AC0-821A-50977D293DA7}.Release|Any CPU.ActiveCfg = Release|Any CPU
		{644D12CB-7FF1-4AC0-821A-50977D293DA7}.Release|Any CPU.Build.0 = Release|Any CPU
	EndGlobalSection
	GlobalSection(SolutionProperties) = preSolution
		HideSolutionNode = FALSE
	EndGlobalSection
	GlobalSection(ExtensibilityGlobals) = postSolution
		SolutionGuid = {6ED7D43B-F025-477D-B90D-270573A0B96D}
	EndGlobalSection
EndGlobal
