
Microsoft Visual Studio Solution File, Format Version 12.00
# Visual Studio Version 17
VisualStudioVersion = 17.5.33502.453
MinimumVisualStudioVersion = 10.0.40219.1
Project("{FAE04EC0-301F-11D3-BF4B-00C04F79EFBC}") = "Exercise4", "Exercise4\Exercise4.csproj", "{B2547701-AA14-4EC1-85CD-9B240285123B}"
EndProject
Global
	GlobalSection(SolutionConfigurationPlatforms) = preSolution
		Debug|Any CPU = Debug|Any CPU
		Release|Any CPU = Release|Any CPU
	EndGlobalSection
	GlobalSection(ProjectConfigurationPlatforms) = postSolution
		{B2547701-AA14-4EC1-85CD-9B240285123B}.Debug|Any CPU.ActiveCfg = Debug|Any CPU
		{B2547701-AA14-4EC1-85CD-9B240285123B}.Debug|Any CPU.Build.0 = Debug|Any CPU
		{B2547701-AA14-4EC1-85CD-9B240285123B}.Release|Any CPU.ActiveCfg = Release|Any CPU
		{B2547701-AA14-4EC1-85CD-9B240285123B}.Release|Any CPU.Build.0 = Release|Any CPU
	EndGlobalSection
	GlobalSection(SolutionProperties) = preSolution
		HideSolutionNode = FALSE
	EndGlobalSection
	GlobalSection(ExtensibilityGlobals) = postSolution
		SolutionGuid = {9B5F530F-9BF7-423D-990C-A2E527B73C45}
	EndGlobalSection
EndGlobal
